
Microsoft Visual Studio Solution File, Format Version 12.00
# Visual Studio 15
VisualStudioVersion = 15.0.27130.2024
MinimumVisualStudioVersion = 10.0.40219.1
Project("{FAE04EC0-301F-11D3-BF4B-00C04F79EFBC}") = "EFPractice2", "EFPractice2\EFPractice2.csproj", "{3B66F9FE-70EF-4149-87BA-7DA9B8B33D6A}"
EndProject
Global
	GlobalSection(SolutionConfigurationPlatforms) = preSolution
		Debug|Any CPU = Debug|Any CPU
		Release|Any CPU = Release|Any CPU
	EndGlobalSection
	GlobalSection(ProjectConfigurationPlatforms) = postSolution
		{3B66F9FE-70EF-4149-87BA-7DA9B8B33D6A}.Debug|Any CPU.ActiveCfg = Debug|Any CPU
		{3B66F9FE-70EF-4149-87BA-7DA9B8B33D6A}.Debug|Any CPU.Build.0 = Debug|Any CPU
		{3B66F9FE-70EF-4149-87BA-7DA9B8B33D6A}.Release|Any CPU.ActiveCfg = Release|Any CPU
		{3B66F9FE-70EF-4149-87BA-7DA9B8B33D6A}.Release|Any CPU.Build.0 = Release|Any CPU
	EndGlobalSection
	GlobalSection(SolutionProperties) = preSolution
		HideSolutionNode = FALSE
	EndGlobalSection
	GlobalSection(ExtensibilityGlobals) = postSolution
		SolutionGuid = {8A55664E-713C-45A7-B9CA-F89F0E8BB48D}
	EndGlobalSection
EndGlobal
