
Microsoft Visual Studio Solution File, Format Version 12.00
# Visual Studio 15
VisualStudioVersion = 15.0.27130.2024
MinimumVisualStudioVersion = 10.0.40219.1
Project("{9A19103F-16F7-4668-BE54-9A1E7A4F7556}") = "EFPractice2", "EFPractice2\EFPractice2.csproj", "{3B66F9FE-70EF-4149-87BA-7DA9B8B33D6A}"
EndProject
Project("{FAE04EC0-301F-11D3-BF4B-00C04F79EFBC}") = "BlogLib", "BlogLib\BlogLib.csproj", "{7BA062AC-F8D2-4876-A128-67F710458B07}"
EndProject
Project("{FAE04EC0-301F-11D3-BF4B-00C04F79EFBC}") = "BlogTestEF", "BlogTestEF\BlogTestEF.csproj", "{2F07A228-2A7C-4CF6-AEDA-2D3D326EB1A9}"
EndProject
Global
	GlobalSection(SolutionConfigurationPlatforms) = preSolution
		Debug|Any CPU = Debug|Any CPU
		Release|Any CPU = Release|Any CPU
	EndGlobalSection
	GlobalSection(ProjectConfigurationPlatforms) = postSolution
		{3B66F9FE-70EF-4149-87BA-7DA9B8B33D6A}.Debug|Any CPU.ActiveCfg = Debug|Any CPU
		{3B66F9FE-70EF-4149-87BA-7DA9B8B33D6A}.Debug|Any CPU.Build.0 = Debug|Any CPU
		{3B66F9FE-70EF-4149-87BA-7DA9B8B33D6A}.Release|Any CPU.ActiveCfg = Release|Any CPU
		{3B66F9FE-70EF-4149-87BA-7DA9B8B33D6A}.Release|Any CPU.Build.0 = Release|Any CPU
		{7BA062AC-F8D2-4876-A128-67F710458B07}.Debug|Any CPU.ActiveCfg = Debug|Any CPU
		{7BA062AC-F8D2-4876-A128-67F710458B07}.Debug|Any CPU.Build.0 = Debug|Any CPU
		{7BA062AC-F8D2-4876-A128-67F710458B07}.Release|Any CPU.ActiveCfg = Release|Any CPU
		{7BA062AC-F8D2-4876-A128-67F710458B07}.Release|Any CPU.Build.0 = Release|Any CPU
		{2F07A228-2A7C-4CF6-AEDA-2D3D326EB1A9}.Debug|Any CPU.ActiveCfg = Debug|Any CPU
		{2F07A228-2A7C-4CF6-AEDA-2D3D326EB1A9}.Debug|Any CPU.Build.0 = Debug|Any CPU
		{2F07A228-2A7C-4CF6-AEDA-2D3D326EB1A9}.Release|Any CPU.ActiveCfg = Release|Any CPU
		{2F07A228-2A7C-4CF6-AEDA-2D3D326EB1A9}.Release|Any CPU.Build.0 = Release|Any CPU
	EndGlobalSection
	GlobalSection(SolutionProperties) = preSolution
		HideSolutionNode = FALSE
	EndGlobalSection
	GlobalSection(ExtensibilityGlobals) = postSolution
		SolutionGuid = {8A55664E-713C-45A7-B9CA-F89F0E8BB48D}
	EndGlobalSection
EndGlobal
